
Microsoft Visual Studio Solution File, Format Version 12.00
# Visual Studio Version 17
VisualStudioVersion = 17.12.35527.113
MinimumVisualStudioVersion = 10.0.40219.1
Project("{FAE04EC0-301F-11D3-BF4B-00C04F79EFBC}") = "TimeWatcher", "TimeWatcher\TimeWatcher.csproj", "{37C69A7C-EBCD-43E6-AB07-5B405A1ABE02}"
EndProject
Project("{FAE04EC0-301F-11D3-BF4B-00C04F79EFBC}") = "TimeWatcher.Data", "TimeWatcher.Data\TimeWatcher.Data.csproj", "{4D59BBEB-74AC-4833-BBE3-75501DE32C23}"
EndProject
Project("{2150E333-8FDC-42A3-9474-1A3956D46DE8}") = "Элементы решения", "Элементы решения", "{5A87B4BE-BBB3-43F8-B70B-2F02A5CE3C83}"
	ProjectSection(SolutionItems) = preProject
		.editorconfig = .editorconfig
		Directory.Build.props = Directory.Build.props
		Directory.Build.targets = Directory.Build.targets
		Directory.Packages.props = Directory.Packages.props
		global.json = global.json
	EndProjectSection
EndProject
Project("{E53339B2-1760-4266-BCC7-CA923CBCF16C}") = "docker-compose", "docker-compose.dcproj", "{35A0804F-5CDD-4895-9610-952B5C7ECB3B}"
EndProject
Project("{FAE04EC0-301F-11D3-BF4B-00C04F79EFBC}") = "TimeWatcher.AppHost", "TimeWatcher.AppHost\TimeWatcher.AppHost.csproj", "{B1435991-B5B6-4275-9F61-6339093630AF}"
EndProject
Project("{FAE04EC0-301F-11D3-BF4B-00C04F79EFBC}") = "TimeWatcher.ServiceDefaults", "TimeWatcher.ServiceDefaults\TimeWatcher.ServiceDefaults.csproj", "{C6585C72-1B91-453A-85A1-8AB54C27867C}"
EndProject
Global
	GlobalSection(SolutionConfigurationPlatforms) = preSolution
		Debug|Any CPU = Debug|Any CPU
		Release|Any CPU = Release|Any CPU
	EndGlobalSection
	GlobalSection(ProjectConfigurationPlatforms) = postSolution
		{37C69A7C-EBCD-43E6-AB07-5B405A1ABE02}.Debug|Any CPU.ActiveCfg = Debug|Any CPU
		{37C69A7C-EBCD-43E6-AB07-5B405A1ABE02}.Debug|Any CPU.Build.0 = Debug|Any CPU
		{37C69A7C-EBCD-43E6-AB07-5B405A1ABE02}.Release|Any CPU.ActiveCfg = Release|Any CPU
		{37C69A7C-EBCD-43E6-AB07-5B405A1ABE02}.Release|Any CPU.Build.0 = Release|Any CPU
		{4D59BBEB-74AC-4833-BBE3-75501DE32C23}.Debug|Any CPU.ActiveCfg = Debug|Any CPU
		{4D59BBEB-74AC-4833-BBE3-75501DE32C23}.Debug|Any CPU.Build.0 = Debug|Any CPU
		{4D59BBEB-74AC-4833-BBE3-75501DE32C23}.Release|Any CPU.ActiveCfg = Release|Any CPU
		{4D59BBEB-74AC-4833-BBE3-75501DE32C23}.Release|Any CPU.Build.0 = Release|Any CPU
		{35A0804F-5CDD-4895-9610-952B5C7ECB3B}.Debug|Any CPU.ActiveCfg = Debug|Any CPU
		{35A0804F-5CDD-4895-9610-952B5C7ECB3B}.Debug|Any CPU.Build.0 = Debug|Any CPU
		{35A0804F-5CDD-4895-9610-952B5C7ECB3B}.Release|Any CPU.ActiveCfg = Release|Any CPU
		{35A0804F-5CDD-4895-9610-952B5C7ECB3B}.Release|Any CPU.Build.0 = Release|Any CPU
		{B1435991-B5B6-4275-9F61-6339093630AF}.Debug|Any CPU.ActiveCfg = Debug|Any CPU
		{B1435991-B5B6-4275-9F61-6339093630AF}.Debug|Any CPU.Build.0 = Debug|Any CPU
		{B1435991-B5B6-4275-9F61-6339093630AF}.Release|Any CPU.ActiveCfg = Release|Any CPU
		{B1435991-B5B6-4275-9F61-6339093630AF}.Release|Any CPU.Build.0 = Release|Any CPU
		{C6585C72-1B91-453A-85A1-8AB54C27867C}.Debug|Any CPU.ActiveCfg = Debug|Any CPU
		{C6585C72-1B91-453A-85A1-8AB54C27867C}.Debug|Any CPU.Build.0 = Debug|Any CPU
		{C6585C72-1B91-453A-85A1-8AB54C27867C}.Release|Any CPU.ActiveCfg = Release|Any CPU
		{C6585C72-1B91-453A-85A1-8AB54C27867C}.Release|Any CPU.Build.0 = Release|Any CPU
	EndGlobalSection
	GlobalSection(SolutionProperties) = preSolution
		HideSolutionNode = FALSE
	EndGlobalSection
EndGlobal
